
Microsoft Visual Studio Solution File, Format Version 12.00
# Visual Studio Version 17
VisualStudioVersion = 17.10.35201.131
MinimumVisualStudioVersion = 10.0.40219.1
Project("{FAE04EC0-301F-11D3-BF4B-00C04F79EFBC}") = "SeekerMAUI", "SeekerMAUI\SeekerMAUI.csproj", "{4D9D91A6-E9C2-44B1-8C72-9CB51EC34955}"
EndProject
Global
	GlobalSection(SolutionConfigurationPlatforms) = preSolution
		Debug|Any CPU = Debug|Any CPU
		Release|Any CPU = Release|Any CPU
	EndGlobalSection
	GlobalSection(ProjectConfigurationPlatforms) = postSolution
		{4D9D91A6-E9C2-44B1-8C72-9CB51EC34955}.Debug|Any CPU.ActiveCfg = Debug|Any CPU
		{4D9D91A6-E9C2-44B1-8C72-9CB51EC34955}.Debug|Any CPU.Build.0 = Debug|Any CPU
		{4D9D91A6-E9C2-44B1-8C72-9CB51EC34955}.Debug|Any CPU.Deploy.0 = Debug|Any CPU
		{4D9D91A6-E9C2-44B1-8C72-9CB51EC34955}.Release|Any CPU.ActiveCfg = Release|Any CPU
		{4D9D91A6-E9C2-44B1-8C72-9CB51EC34955}.Release|Any CPU.Build.0 = Release|Any CPU
		{4D9D91A6-E9C2-44B1-8C72-9CB51EC34955}.Release|Any CPU.Deploy.0 = Release|Any CPU
	EndGlobalSection
	GlobalSection(SolutionProperties) = preSolution
		HideSolutionNode = FALSE
	EndGlobalSection
	GlobalSection(ExtensibilityGlobals) = postSolution
		SolutionGuid = {BF000FDD-0667-4953-9CB8-CE7AE507B7B7}
	EndGlobalSection
EndGlobal
